
Microsoft Visual Studio Solution File, Format Version 12.00
# Visual Studio Version 17
VisualStudioVersion = 17.0.31903.59
MinimumVisualStudioVersion = 10.0.40219.1
Project("{FAE04EC0-301F-11D3-BF4B-00C04F79EFBC}") = "Utis.Tasks.WebApi", "Utis.Tasks.WebApi\Utis.Tasks.WebApi.csproj", "{2E3D6544-D0D7-4614-B500-E22DF72133EA}"
EndProject
Project("{FAE04EC0-301F-11D3-BF4B-00C04F79EFBC}") = "Utis.Tasks.Infrastructure", "Utis.Tasks.Infrastructure\Utis.Tasks.Infrastructure.csproj", "{DE834BC4-1D6E-4751-B457-D8E9B26C5AD5}"
EndProject
Global
	GlobalSection(SolutionConfigurationPlatforms) = preSolution
		Debug|Any CPU = Debug|Any CPU
		Release|Any CPU = Release|Any CPU
	EndGlobalSection
	GlobalSection(ProjectConfigurationPlatforms) = postSolution
		{2E3D6544-D0D7-4614-B500-E22DF72133EA}.Debug|Any CPU.ActiveCfg = Debug|Any CPU
		{2E3D6544-D0D7-4614-B500-E22DF72133EA}.Debug|Any CPU.Build.0 = Debug|Any CPU
		{2E3D6544-D0D7-4614-B500-E22DF72133EA}.Release|Any CPU.ActiveCfg = Release|Any CPU
		{2E3D6544-D0D7-4614-B500-E22DF72133EA}.Release|Any CPU.Build.0 = Release|Any CPU
		{DE834BC4-1D6E-4751-B457-D8E9B26C5AD5}.Debug|Any CPU.ActiveCfg = Debug|Any CPU
		{DE834BC4-1D6E-4751-B457-D8E9B26C5AD5}.Debug|Any CPU.Build.0 = Debug|Any CPU
		{DE834BC4-1D6E-4751-B457-D8E9B26C5AD5}.Release|Any CPU.ActiveCfg = Release|Any CPU
		{DE834BC4-1D6E-4751-B457-D8E9B26C5AD5}.Release|Any CPU.Build.0 = Release|Any CPU
	EndGlobalSection
	GlobalSection(SolutionProperties) = preSolution
		HideSolutionNode = FALSE
	EndGlobalSection
	GlobalSection(ExtensibilityGlobals) = postSolution
		SolutionGuid = {FB706110-489F-433C-ABB7-B40492A8F0B3}
	EndGlobalSection
EndGlobal
